
Microsoft Visual Studio Solution File, Format Version 12.00
# Visual Studio Version 17
VisualStudioVersion = 17.0.32014.148
MinimumVisualStudioVersion = 10.0.40219.1
Project("{9A19103F-16F7-4668-BE54-9A1E7A4F7556}") = "CleanMyHouse", "CleanMyHouse\CleanMyHouse.csproj", "{8D8F07B8-95F4-43BC-ACED-5B448336CB92}"
EndProject
Project("{2150E333-8FDC-42A3-9474-1A3956D46DE8}") = "BuildingBlocks", "BuildingBlocks", "{17B4C6CB-B60B-425B-9487-1E0907BFB1CF}"
EndProject
Project("{2150E333-8FDC-42A3-9474-1A3956D46DE8}") = "Buildings", "Buildings", "{779B0DD1-9B07-41BA-BA9C-789C05AAECB7}"
EndProject
Project("{E53339B2-1760-4266-BCC7-CA923CBCF16C}") = "docker-compose", "docker-compose.dcproj", "{2FF3A2B6-DDB7-473F-A2E8-866277CB376B}"
EndProject
Project("{2150E333-8FDC-42A3-9474-1A3956D46DE8}") = "Users", "Users", "{6742B964-E3C9-41B0-AA23-4CB62F3E9BC8}"
EndProject
Project("{2150E333-8FDC-42A3-9474-1A3956D46DE8}") = "Tests", "Tests", "{403E0957-A57C-42F6-B129-D755B69B9B83}"
EndProject
Project("{2150E333-8FDC-42A3-9474-1A3956D46DE8}") = "EventBus", "EventBus", "{6D320D24-04FD-405F-9E7F-3EED1AD8B927}"
EndProject
Project("{2150E333-8FDC-42A3-9474-1A3956D46DE8}") = "EventBus", "EventBus", "{A4CBFF9E-7751-40F3-AA6E-BFE2CCEED100}"
EndProject
Project("{FAE04EC0-301F-11D3-BF4B-00C04F79EFBC}") = "EventBus", "EventBus\EventBus.csproj", "{59BA840D-490E-4701-8ACF-E4038537F2D4}"
EndProject
Project("{FAE04EC0-301F-11D3-BF4B-00C04F79EFBC}") = "EventBusRabbitMQ", "EventBusRabbitMQ\EventBusRabbitMQ.csproj", "{2D3D9D62-F8C5-46FF-BE6D-3375DA63908E}"
EndProject
Project("{FAE04EC0-301F-11D3-BF4B-00C04F79EFBC}") = "Building.API", "Services\Building\Building.API\Building.API.csproj", "{BDCF82BE-211B-433A-AB82-4DF78FB7E08D}"
EndProject
Project("{FAE04EC0-301F-11D3-BF4B-00C04F79EFBC}") = "Building.Integration", "Services\Building\Building.Integration\Building.Integration.csproj", "{D71DB019-72A6-4457-A840-929A2345069F}"
EndProject
Project("{FAE04EC0-301F-11D3-BF4B-00C04F79EFBC}") = "User.API", "Services\User\User.API\User.API.csproj", "{BCD1ACEE-2103-41AF-8F86-18AD3FD21AD0}"
EndProject
Project("{FAE04EC0-301F-11D3-BF4B-00C04F79EFBC}") = "User.Application", "Services\User\User.Application\User.Application.csproj", "{A61AD1C7-B516-4A8F-97D7-D6AD84AE5945}"
EndProject
Project("{FAE04EC0-301F-11D3-BF4B-00C04F79EFBC}") = "User.Domain", "Services\User\User.Domain\User.Domain.csproj", "{5E9F3F2A-FA76-4EDB-BF36-13BC9E92BBD7}"
EndProject
Project("{FAE04EC0-301F-11D3-BF4B-00C04F79EFBC}") = "User.Persistence", "Services\User\User.Persistence\User.Persistence.csproj", "{19626686-6E0D-46B4-A836-F739CAC19D97}"
EndProject
Global
	GlobalSection(SolutionConfigurationPlatforms) = preSolution
		Debug|Any CPU = Debug|Any CPU
		Release|Any CPU = Release|Any CPU
	EndGlobalSection
	GlobalSection(ProjectConfigurationPlatforms) = postSolution
		{8D8F07B8-95F4-43BC-ACED-5B448336CB92}.Debug|Any CPU.ActiveCfg = Debug|Any CPU
		{8D8F07B8-95F4-43BC-ACED-5B448336CB92}.Debug|Any CPU.Build.0 = Debug|Any CPU
		{8D8F07B8-95F4-43BC-ACED-5B448336CB92}.Release|Any CPU.ActiveCfg = Release|Any CPU
		{8D8F07B8-95F4-43BC-ACED-5B448336CB92}.Release|Any CPU.Build.0 = Release|Any CPU
		{2FF3A2B6-DDB7-473F-A2E8-866277CB376B}.Debug|Any CPU.ActiveCfg = Debug|Any CPU
		{2FF3A2B6-DDB7-473F-A2E8-866277CB376B}.Debug|Any CPU.Build.0 = Debug|Any CPU
		{2FF3A2B6-DDB7-473F-A2E8-866277CB376B}.Release|Any CPU.ActiveCfg = Release|Any CPU
		{2FF3A2B6-DDB7-473F-A2E8-866277CB376B}.Release|Any CPU.Build.0 = Release|Any CPU
		{59BA840D-490E-4701-8ACF-E4038537F2D4}.Debug|Any CPU.ActiveCfg = Debug|Any CPU
		{59BA840D-490E-4701-8ACF-E4038537F2D4}.Debug|Any CPU.Build.0 = Debug|Any CPU
		{59BA840D-490E-4701-8ACF-E4038537F2D4}.Release|Any CPU.ActiveCfg = Release|Any CPU
		{59BA840D-490E-4701-8ACF-E4038537F2D4}.Release|Any CPU.Build.0 = Release|Any CPU
		{2D3D9D62-F8C5-46FF-BE6D-3375DA63908E}.Debug|Any CPU.ActiveCfg = Debug|Any CPU
		{2D3D9D62-F8C5-46FF-BE6D-3375DA63908E}.Debug|Any CPU.Build.0 = Debug|Any CPU
		{2D3D9D62-F8C5-46FF-BE6D-3375DA63908E}.Release|Any CPU.ActiveCfg = Release|Any CPU
		{2D3D9D62-F8C5-46FF-BE6D-3375DA63908E}.Release|Any CPU.Build.0 = Release|Any CPU
		{BDCF82BE-211B-433A-AB82-4DF78FB7E08D}.Debug|Any CPU.ActiveCfg = Debug|Any CPU
		{BDCF82BE-211B-433A-AB82-4DF78FB7E08D}.Debug|Any CPU.Build.0 = Debug|Any CPU
		{BDCF82BE-211B-433A-AB82-4DF78FB7E08D}.Release|Any CPU.ActiveCfg = Release|Any CPU
		{BDCF82BE-211B-433A-AB82-4DF78FB7E08D}.Release|Any CPU.Build.0 = Release|Any CPU
		{D71DB019-72A6-4457-A840-929A2345069F}.Debug|Any CPU.ActiveCfg = Debug|Any CPU
		{D71DB019-72A6-4457-A840-929A2345069F}.Debug|Any CPU.Build.0 = Debug|Any CPU
		{D71DB019-72A6-4457-A840-929A2345069F}.Release|Any CPU.ActiveCfg = Release|Any CPU
		{D71DB019-72A6-4457-A840-929A2345069F}.Release|Any CPU.Build.0 = Release|Any CPU
		{BCD1ACEE-2103-41AF-8F86-18AD3FD21AD0}.Debug|Any CPU.ActiveCfg = Debug|Any CPU
		{BCD1ACEE-2103-41AF-8F86-18AD3FD21AD0}.Debug|Any CPU.Build.0 = Debug|Any CPU
		{BCD1ACEE-2103-41AF-8F86-18AD3FD21AD0}.Release|Any CPU.ActiveCfg = Release|Any CPU
		{BCD1ACEE-2103-41AF-8F86-18AD3FD21AD0}.Release|Any CPU.Build.0 = Release|Any CPU
		{A61AD1C7-B516-4A8F-97D7-D6AD84AE5945}.Debug|Any CPU.ActiveCfg = Debug|Any CPU
		{A61AD1C7-B516-4A8F-97D7-D6AD84AE5945}.Debug|Any CPU.Build.0 = Debug|Any CPU
		{A61AD1C7-B516-4A8F-97D7-D6AD84AE5945}.Release|Any CPU.ActiveCfg = Release|Any CPU
		{A61AD1C7-B516-4A8F-97D7-D6AD84AE5945}.Release|Any CPU.Build.0 = Release|Any CPU
		{5E9F3F2A-FA76-4EDB-BF36-13BC9E92BBD7}.Debug|Any CPU.ActiveCfg = Debug|Any CPU
		{5E9F3F2A-FA76-4EDB-BF36-13BC9E92BBD7}.Debug|Any CPU.Build.0 = Debug|Any CPU
		{5E9F3F2A-FA76-4EDB-BF36-13BC9E92BBD7}.Release|Any CPU.ActiveCfg = Release|Any CPU
		{5E9F3F2A-FA76-4EDB-BF36-13BC9E92BBD7}.Release|Any CPU.Build.0 = Release|Any CPU
		{19626686-6E0D-46B4-A836-F739CAC19D97}.Debug|Any CPU.ActiveCfg = Debug|Any CPU
		{19626686-6E0D-46B4-A836-F739CAC19D97}.Debug|Any CPU.Build.0 = Debug|Any CPU
		{19626686-6E0D-46B4-A836-F739CAC19D97}.Release|Any CPU.ActiveCfg = Release|Any CPU
		{19626686-6E0D-46B4-A836-F739CAC19D97}.Release|Any CPU.Build.0 = Release|Any CPU
	EndGlobalSection
	GlobalSection(SolutionProperties) = preSolution
		HideSolutionNode = FALSE
	EndGlobalSection
	GlobalSection(NestedProjects) = preSolution
		{779B0DD1-9B07-41BA-BA9C-789C05AAECB7} = {17B4C6CB-B60B-425B-9487-1E0907BFB1CF}
		{6742B964-E3C9-41B0-AA23-4CB62F3E9BC8} = {17B4C6CB-B60B-425B-9487-1E0907BFB1CF}
		{403E0957-A57C-42F6-B129-D755B69B9B83} = {779B0DD1-9B07-41BA-BA9C-789C05AAECB7}
		{6D320D24-04FD-405F-9E7F-3EED1AD8B927} = {17B4C6CB-B60B-425B-9487-1E0907BFB1CF}
		{A4CBFF9E-7751-40F3-AA6E-BFE2CCEED100} = {6D320D24-04FD-405F-9E7F-3EED1AD8B927}
		{59BA840D-490E-4701-8ACF-E4038537F2D4} = {A4CBFF9E-7751-40F3-AA6E-BFE2CCEED100}
		{2D3D9D62-F8C5-46FF-BE6D-3375DA63908E} = {A4CBFF9E-7751-40F3-AA6E-BFE2CCEED100}
		{BDCF82BE-211B-433A-AB82-4DF78FB7E08D} = {779B0DD1-9B07-41BA-BA9C-789C05AAECB7}
		{D71DB019-72A6-4457-A840-929A2345069F} = {403E0957-A57C-42F6-B129-D755B69B9B83}
		{BCD1ACEE-2103-41AF-8F86-18AD3FD21AD0} = {6742B964-E3C9-41B0-AA23-4CB62F3E9BC8}
		{A61AD1C7-B516-4A8F-97D7-D6AD84AE5945} = {6742B964-E3C9-41B0-AA23-4CB62F3E9BC8}
		{5E9F3F2A-FA76-4EDB-BF36-13BC9E92BBD7} = {6742B964-E3C9-41B0-AA23-4CB62F3E9BC8}
		{19626686-6E0D-46B4-A836-F739CAC19D97} = {6742B964-E3C9-41B0-AA23-4CB62F3E9BC8}
	EndGlobalSection
	GlobalSection(ExtensibilityGlobals) = postSolution
		SolutionGuid = {65D9EC1C-4AA5-4C9F-A9E8-808F38D713B8}
	EndGlobalSection
EndGlobal
