
Microsoft Visual Studio Solution File, Format Version 12.00
# Visual Studio Version 17
VisualStudioVersion = 17.0.32014.148
MinimumVisualStudioVersion = 10.0.40219.1
Project("{9A19103F-16F7-4668-BE54-9A1E7A4F7556}") = "CleanMyHouse", "CleanMyHouse\CleanMyHouse.csproj", "{8D8F07B8-95F4-43BC-ACED-5B448336CB92}"
EndProject
Project("{2150E333-8FDC-42A3-9474-1A3956D46DE8}") = "BuildingBlocks", "BuildingBlocks", "{17B4C6CB-B60B-425B-9487-1E0907BFB1CF}"
EndProject
Project("{2150E333-8FDC-42A3-9474-1A3956D46DE8}") = "Buildings", "Buildings", "{779B0DD1-9B07-41BA-BA9C-789C05AAECB7}"
EndProject
Project("{9A19103F-16F7-4668-BE54-9A1E7A4F7556}") = "Building", "Building\Building.csproj", "{25F90DDC-55B0-4E74-8D93-43C484F55732}"
EndProject
Project("{E53339B2-1760-4266-BCC7-CA923CBCF16C}") = "docker-compose", "docker-compose.dcproj", "{2FF3A2B6-DDB7-473F-A2E8-866277CB376B}"
EndProject
Project("{2150E333-8FDC-42A3-9474-1A3956D46DE8}") = "Users", "Users", "{6742B964-E3C9-41B0-AA23-4CB62F3E9BC8}"
EndProject
Project("{9A19103F-16F7-4668-BE54-9A1E7A4F7556}") = "User", "User\User.csproj", "{44086E5B-B625-4740-A414-85F318686633}"
EndProject
Project("{2150E333-8FDC-42A3-9474-1A3956D46DE8}") = "Tests", "Tests", "{403E0957-A57C-42F6-B129-D755B69B9B83}"
EndProject
Project("{FAE04EC0-301F-11D3-BF4B-00C04F79EFBC}") = "Building.Integration", "Building.Integration\Building.Integration.csproj", "{F8501B26-EE57-4A0B-9062-29BBBE051EC3}"
EndProject
Project("{FAE04EC0-301F-11D3-BF4B-00C04F79EFBC}") = "User.Application", "User.Application\User.Application.csproj", "{4B14642C-E90A-41A3-A618-071C0247DBCF}"
EndProject
Project("{FAE04EC0-301F-11D3-BF4B-00C04F79EFBC}") = "User.Domain", "User.Domain\User.Domain.csproj", "{CB2D6ADA-8E19-48AA-8D19-63B1DD7045B1}"
EndProject
Project("{FAE04EC0-301F-11D3-BF4B-00C04F79EFBC}") = "User.Persistence", "User.Persistence\User.Persistence.csproj", "{5AFA2A88-A5FC-48EC-BA33-C7BA41585B7F}"
EndProject
Project("{2150E333-8FDC-42A3-9474-1A3956D46DE8}") = "EventBus", "EventBus", "{6D320D24-04FD-405F-9E7F-3EED1AD8B927}"
EndProject
Project("{2150E333-8FDC-42A3-9474-1A3956D46DE8}") = "EventBus", "EventBus", "{A4CBFF9E-7751-40F3-AA6E-BFE2CCEED100}"
EndProject
Project("{FAE04EC0-301F-11D3-BF4B-00C04F79EFBC}") = "EventBus", "EventBus\EventBus.csproj", "{59BA840D-490E-4701-8ACF-E4038537F2D4}"
EndProject
Project("{FAE04EC0-301F-11D3-BF4B-00C04F79EFBC}") = "EventBusRabbitMQ", "EventBusRabbitMQ\EventBusRabbitMQ.csproj", "{2D3D9D62-F8C5-46FF-BE6D-3375DA63908E}"
EndProject
Global
	GlobalSection(SolutionConfigurationPlatforms) = preSolution
		Debug|Any CPU = Debug|Any CPU
		Release|Any CPU = Release|Any CPU
	EndGlobalSection
	GlobalSection(ProjectConfigurationPlatforms) = postSolution
		{8D8F07B8-95F4-43BC-ACED-5B448336CB92}.Debug|Any CPU.ActiveCfg = Debug|Any CPU
		{8D8F07B8-95F4-43BC-ACED-5B448336CB92}.Debug|Any CPU.Build.0 = Debug|Any CPU
		{8D8F07B8-95F4-43BC-ACED-5B448336CB92}.Release|Any CPU.ActiveCfg = Release|Any CPU
		{8D8F07B8-95F4-43BC-ACED-5B448336CB92}.Release|Any CPU.Build.0 = Release|Any CPU
		{25F90DDC-55B0-4E74-8D93-43C484F55732}.Debug|Any CPU.ActiveCfg = Debug|Any CPU
		{25F90DDC-55B0-4E74-8D93-43C484F55732}.Debug|Any CPU.Build.0 = Debug|Any CPU
		{25F90DDC-55B0-4E74-8D93-43C484F55732}.Release|Any CPU.ActiveCfg = Release|Any CPU
		{25F90DDC-55B0-4E74-8D93-43C484F55732}.Release|Any CPU.Build.0 = Release|Any CPU
		{2FF3A2B6-DDB7-473F-A2E8-866277CB376B}.Debug|Any CPU.ActiveCfg = Debug|Any CPU
		{2FF3A2B6-DDB7-473F-A2E8-866277CB376B}.Debug|Any CPU.Build.0 = Debug|Any CPU
		{2FF3A2B6-DDB7-473F-A2E8-866277CB376B}.Release|Any CPU.ActiveCfg = Release|Any CPU
		{2FF3A2B6-DDB7-473F-A2E8-866277CB376B}.Release|Any CPU.Build.0 = Release|Any CPU
		{44086E5B-B625-4740-A414-85F318686633}.Debug|Any CPU.ActiveCfg = Debug|Any CPU
		{44086E5B-B625-4740-A414-85F318686633}.Debug|Any CPU.Build.0 = Debug|Any CPU
		{44086E5B-B625-4740-A414-85F318686633}.Release|Any CPU.ActiveCfg = Release|Any CPU
		{44086E5B-B625-4740-A414-85F318686633}.Release|Any CPU.Build.0 = Release|Any CPU
		{F8501B26-EE57-4A0B-9062-29BBBE051EC3}.Debug|Any CPU.ActiveCfg = Debug|Any CPU
		{F8501B26-EE57-4A0B-9062-29BBBE051EC3}.Debug|Any CPU.Build.0 = Debug|Any CPU
		{F8501B26-EE57-4A0B-9062-29BBBE051EC3}.Release|Any CPU.ActiveCfg = Release|Any CPU
		{F8501B26-EE57-4A0B-9062-29BBBE051EC3}.Release|Any CPU.Build.0 = Release|Any CPU
		{4B14642C-E90A-41A3-A618-071C0247DBCF}.Debug|Any CPU.ActiveCfg = Debug|Any CPU
		{4B14642C-E90A-41A3-A618-071C0247DBCF}.Debug|Any CPU.Build.0 = Debug|Any CPU
		{4B14642C-E90A-41A3-A618-071C0247DBCF}.Release|Any CPU.ActiveCfg = Release|Any CPU
		{4B14642C-E90A-41A3-A618-071C0247DBCF}.Release|Any CPU.Build.0 = Release|Any CPU
		{CB2D6ADA-8E19-48AA-8D19-63B1DD7045B1}.Debug|Any CPU.ActiveCfg = Debug|Any CPU
		{CB2D6ADA-8E19-48AA-8D19-63B1DD7045B1}.Debug|Any CPU.Build.0 = Debug|Any CPU
		{CB2D6ADA-8E19-48AA-8D19-63B1DD7045B1}.Release|Any CPU.ActiveCfg = Release|Any CPU
		{CB2D6ADA-8E19-48AA-8D19-63B1DD7045B1}.Release|Any CPU.Build.0 = Release|Any CPU
		{5AFA2A88-A5FC-48EC-BA33-C7BA41585B7F}.Debug|Any CPU.ActiveCfg = Debug|Any CPU
		{5AFA2A88-A5FC-48EC-BA33-C7BA41585B7F}.Debug|Any CPU.Build.0 = Debug|Any CPU
		{5AFA2A88-A5FC-48EC-BA33-C7BA41585B7F}.Release|Any CPU.ActiveCfg = Release|Any CPU
		{5AFA2A88-A5FC-48EC-BA33-C7BA41585B7F}.Release|Any CPU.Build.0 = Release|Any CPU
		{59BA840D-490E-4701-8ACF-E4038537F2D4}.Debug|Any CPU.ActiveCfg = Debug|Any CPU
		{59BA840D-490E-4701-8ACF-E4038537F2D4}.Debug|Any CPU.Build.0 = Debug|Any CPU
		{59BA840D-490E-4701-8ACF-E4038537F2D4}.Release|Any CPU.ActiveCfg = Release|Any CPU
		{59BA840D-490E-4701-8ACF-E4038537F2D4}.Release|Any CPU.Build.0 = Release|Any CPU
		{2D3D9D62-F8C5-46FF-BE6D-3375DA63908E}.Debug|Any CPU.ActiveCfg = Debug|Any CPU
		{2D3D9D62-F8C5-46FF-BE6D-3375DA63908E}.Debug|Any CPU.Build.0 = Debug|Any CPU
		{2D3D9D62-F8C5-46FF-BE6D-3375DA63908E}.Release|Any CPU.ActiveCfg = Release|Any CPU
		{2D3D9D62-F8C5-46FF-BE6D-3375DA63908E}.Release|Any CPU.Build.0 = Release|Any CPU
	EndGlobalSection
	GlobalSection(SolutionProperties) = preSolution
		HideSolutionNode = FALSE
	EndGlobalSection
	GlobalSection(NestedProjects) = preSolution
		{779B0DD1-9B07-41BA-BA9C-789C05AAECB7} = {17B4C6CB-B60B-425B-9487-1E0907BFB1CF}
		{25F90DDC-55B0-4E74-8D93-43C484F55732} = {779B0DD1-9B07-41BA-BA9C-789C05AAECB7}
		{6742B964-E3C9-41B0-AA23-4CB62F3E9BC8} = {17B4C6CB-B60B-425B-9487-1E0907BFB1CF}
		{44086E5B-B625-4740-A414-85F318686633} = {6742B964-E3C9-41B0-AA23-4CB62F3E9BC8}
		{403E0957-A57C-42F6-B129-D755B69B9B83} = {779B0DD1-9B07-41BA-BA9C-789C05AAECB7}
		{F8501B26-EE57-4A0B-9062-29BBBE051EC3} = {403E0957-A57C-42F6-B129-D755B69B9B83}
		{4B14642C-E90A-41A3-A618-071C0247DBCF} = {6742B964-E3C9-41B0-AA23-4CB62F3E9BC8}
		{CB2D6ADA-8E19-48AA-8D19-63B1DD7045B1} = {6742B964-E3C9-41B0-AA23-4CB62F3E9BC8}
		{5AFA2A88-A5FC-48EC-BA33-C7BA41585B7F} = {6742B964-E3C9-41B0-AA23-4CB62F3E9BC8}
		{6D320D24-04FD-405F-9E7F-3EED1AD8B927} = {17B4C6CB-B60B-425B-9487-1E0907BFB1CF}
		{A4CBFF9E-7751-40F3-AA6E-BFE2CCEED100} = {6D320D24-04FD-405F-9E7F-3EED1AD8B927}
		{59BA840D-490E-4701-8ACF-E4038537F2D4} = {A4CBFF9E-7751-40F3-AA6E-BFE2CCEED100}
		{2D3D9D62-F8C5-46FF-BE6D-3375DA63908E} = {A4CBFF9E-7751-40F3-AA6E-BFE2CCEED100}
	EndGlobalSection
	GlobalSection(ExtensibilityGlobals) = postSolution
		SolutionGuid = {65D9EC1C-4AA5-4C9F-A9E8-808F38D713B8}
	EndGlobalSection
EndGlobal
